
Microsoft Visual Studio Solution File, Format Version 12.00
# Visual Studio Version 16
VisualStudioVersion = 16.0.29806.167
MinimumVisualStudioVersion = 10.0.40219.1
Project("{FAE04EC0-301F-11D3-BF4B-00C04F79EFBC}") = "Syncytium.Web", "Syncytium\Syncytium.Web.csproj", "{E78B10A3-1363-48FB-A1D9-EF8B39EC32EF}"
	ProjectSection(ProjectDependencies) = postProject
		{D7346D94-EB49-458D-9691-5F67CA29CFE0} = {D7346D94-EB49-458D-9691-5F67CA29CFE0}
		{4CEEE696-E923-4C0F-90C1-1E27FCD9B450} = {4CEEE696-E923-4C0F-90C1-1E27FCD9B450}
		{6AD71CE1-35CE-4D12-9894-DE4E5EF115C4} = {6AD71CE1-35CE-4D12-9894-DE4E5EF115C4}
	EndProjectSection
EndProject
Project("{FAE04EC0-301F-11D3-BF4B-00C04F79EFBC}") = "Syncytium.Common", "Syncytium.Common\Syncytium.Common.csproj", "{6AD71CE1-35CE-4D12-9894-DE4E5EF115C4}"
EndProject
Project("{FAE04EC0-301F-11D3-BF4B-00C04F79EFBC}") = "Syncytium.Module.Administration", "Syncytium.Module.Administration\Syncytium.Module.Administration.csproj", "{4CEEE696-E923-4C0F-90C1-1E27FCD9B450}"
	ProjectSection(ProjectDependencies) = postProject
		{6AD71CE1-35CE-4D12-9894-DE4E5EF115C4} = {6AD71CE1-35CE-4D12-9894-DE4E5EF115C4}
	EndProjectSection
EndProject
Project("{FAE04EC0-301F-11D3-BF4B-00C04F79EFBC}") = "Syncytium.Module.Customer", "Syncytium.Module.Customer\Syncytium.Module.Customer.csproj", "{D7346D94-EB49-458D-9691-5F67CA29CFE0}"
	ProjectSection(ProjectDependencies) = postProject
		{4CEEE696-E923-4C0F-90C1-1E27FCD9B450} = {4CEEE696-E923-4C0F-90C1-1E27FCD9B450}
		{6AD71CE1-35CE-4D12-9894-DE4E5EF115C4} = {6AD71CE1-35CE-4D12-9894-DE4E5EF115C4}
	EndProjectSection
EndProject
Project("{FAE04EC0-301F-11D3-BF4B-00C04F79EFBC}") = "Syncytium.WebJob", "Syncytium.WebJob\Syncytium.WebJob.csproj", "{E80D8315-E0EE-44A8-9FB7-1FAF151D74AB}"
	ProjectSection(ProjectDependencies) = postProject
		{D7346D94-EB49-458D-9691-5F67CA29CFE0} = {D7346D94-EB49-458D-9691-5F67CA29CFE0}
	EndProjectSection
EndProject
Project("{FAE04EC0-301F-11D3-BF4B-00C04F79EFBC}") = "Syncytium.Test", "Syncytium.Test\Syncytium.Test.csproj", "{636FDE93-28BF-4DA9-9178-187367CA7D30}"
	ProjectSection(ProjectDependencies) = postProject
		{D7346D94-EB49-458D-9691-5F67CA29CFE0} = {D7346D94-EB49-458D-9691-5F67CA29CFE0}
	EndProjectSection
EndProject
Global
	GlobalSection(SolutionConfigurationPlatforms) = preSolution
		Debug|Any CPU = Debug|Any CPU
		Local-Dev|Any CPU = Local-Dev|Any CPU
		Local-Formation|Any CPU = Local-Formation|Any CPU
		Local-Prod|Any CPU = Local-Prod|Any CPU
		Local-UAT|Any CPU = Local-UAT|Any CPU
		Release|Any CPU = Release|Any CPU
		Syncytium-Dev|Any CPU = Syncytium-Dev|Any CPU
		Syncytium-Formation|Any CPU = Syncytium-Formation|Any CPU
		Syncytium-Prod|Any CPU = Syncytium-Prod|Any CPU
		Syncytium-UAT|Any CPU = Syncytium-UAT|Any CPU
	EndGlobalSection
	GlobalSection(ProjectConfigurationPlatforms) = postSolution
		{E78B10A3-1363-48FB-A1D9-EF8B39EC32EF}.Debug|Any CPU.ActiveCfg = Debug|Any CPU
		{E78B10A3-1363-48FB-A1D9-EF8B39EC32EF}.Debug|Any CPU.Build.0 = Debug|Any CPU
		{E78B10A3-1363-48FB-A1D9-EF8B39EC32EF}.Local-Dev|Any CPU.ActiveCfg = Local-Dev|Any CPU
		{E78B10A3-1363-48FB-A1D9-EF8B39EC32EF}.Local-Dev|Any CPU.Build.0 = Local-Dev|Any CPU
		{E78B10A3-1363-48FB-A1D9-EF8B39EC32EF}.Local-Formation|Any CPU.ActiveCfg = Local-Formation|Any CPU
		{E78B10A3-1363-48FB-A1D9-EF8B39EC32EF}.Local-Formation|Any CPU.Build.0 = Local-Formation|Any CPU
		{E78B10A3-1363-48FB-A1D9-EF8B39EC32EF}.Local-Prod|Any CPU.ActiveCfg = Local-Prod|Any CPU
		{E78B10A3-1363-48FB-A1D9-EF8B39EC32EF}.Local-Prod|Any CPU.Build.0 = Local-Prod|Any CPU
		{E78B10A3-1363-48FB-A1D9-EF8B39EC32EF}.Local-UAT|Any CPU.ActiveCfg = Local-UAT|Any CPU
		{E78B10A3-1363-48FB-A1D9-EF8B39EC32EF}.Local-UAT|Any CPU.Build.0 = Local-UAT|Any CPU
		{E78B10A3-1363-48FB-A1D9-EF8B39EC32EF}.Release|Any CPU.ActiveCfg = Release|Any CPU
		{E78B10A3-1363-48FB-A1D9-EF8B39EC32EF}.Release|Any CPU.Build.0 = Release|Any CPU
		{E78B10A3-1363-48FB-A1D9-EF8B39EC32EF}.Syncytium-Dev|Any CPU.ActiveCfg = Syncytium-Dev|Any CPU
		{E78B10A3-1363-48FB-A1D9-EF8B39EC32EF}.Syncytium-Dev|Any CPU.Build.0 = Syncytium-Dev|Any CPU
		{E78B10A3-1363-48FB-A1D9-EF8B39EC32EF}.Syncytium-Formation|Any CPU.ActiveCfg = Syncytium-Formation|Any CPU
		{E78B10A3-1363-48FB-A1D9-EF8B39EC32EF}.Syncytium-Formation|Any CPU.Build.0 = Syncytium-Formation|Any CPU
		{E78B10A3-1363-48FB-A1D9-EF8B39EC32EF}.Syncytium-Prod|Any CPU.ActiveCfg = Syncytium-Prod|Any CPU
		{E78B10A3-1363-48FB-A1D9-EF8B39EC32EF}.Syncytium-Prod|Any CPU.Build.0 = Syncytium-Prod|Any CPU
		{E78B10A3-1363-48FB-A1D9-EF8B39EC32EF}.Syncytium-UAT|Any CPU.ActiveCfg = Syncytium-UAT|Any CPU
		{E78B10A3-1363-48FB-A1D9-EF8B39EC32EF}.Syncytium-UAT|Any CPU.Build.0 = Syncytium-UAT|Any CPU
		{6AD71CE1-35CE-4D12-9894-DE4E5EF115C4}.Debug|Any CPU.ActiveCfg = Debug|Any CPU
		{6AD71CE1-35CE-4D12-9894-DE4E5EF115C4}.Debug|Any CPU.Build.0 = Debug|Any CPU
		{6AD71CE1-35CE-4D12-9894-DE4E5EF115C4}.Local-Dev|Any CPU.ActiveCfg = Local-Dev|Any CPU
		{6AD71CE1-35CE-4D12-9894-DE4E5EF115C4}.Local-Dev|Any CPU.Build.0 = Local-Dev|Any CPU
		{6AD71CE1-35CE-4D12-9894-DE4E5EF115C4}.Local-Formation|Any CPU.ActiveCfg = Local-Formation|Any CPU
		{6AD71CE1-35CE-4D12-9894-DE4E5EF115C4}.Local-Formation|Any CPU.Build.0 = Local-Formation|Any CPU
		{6AD71CE1-35CE-4D12-9894-DE4E5EF115C4}.Local-Prod|Any CPU.ActiveCfg = Local-Prod|Any CPU
		{6AD71CE1-35CE-4D12-9894-DE4E5EF115C4}.Local-Prod|Any CPU.Build.0 = Local-Prod|Any CPU
		{6AD71CE1-35CE-4D12-9894-DE4E5EF115C4}.Local-UAT|Any CPU.ActiveCfg = Local-UAT|Any CPU
		{6AD71CE1-35CE-4D12-9894-DE4E5EF115C4}.Local-UAT|Any CPU.Build.0 = Local-UAT|Any CPU
		{6AD71CE1-35CE-4D12-9894-DE4E5EF115C4}.Release|Any CPU.ActiveCfg = Release|Any CPU
		{6AD71CE1-35CE-4D12-9894-DE4E5EF115C4}.Release|Any CPU.Build.0 = Release|Any CPU
		{6AD71CE1-35CE-4D12-9894-DE4E5EF115C4}.Syncytium-Dev|Any CPU.ActiveCfg = Syncytium-Dev|Any CPU
		{6AD71CE1-35CE-4D12-9894-DE4E5EF115C4}.Syncytium-Dev|Any CPU.Build.0 = Syncytium-Dev|Any CPU
		{6AD71CE1-35CE-4D12-9894-DE4E5EF115C4}.Syncytium-Formation|Any CPU.ActiveCfg = Syncytium-Formation|Any CPU
		{6AD71CE1-35CE-4D12-9894-DE4E5EF115C4}.Syncytium-Formation|Any CPU.Build.0 = Syncytium-Formation|Any CPU
		{6AD71CE1-35CE-4D12-9894-DE4E5EF115C4}.Syncytium-Prod|Any CPU.ActiveCfg = Syncytium-Prod|Any CPU
		{6AD71CE1-35CE-4D12-9894-DE4E5EF115C4}.Syncytium-Prod|Any CPU.Build.0 = Syncytium-Prod|Any CPU
		{6AD71CE1-35CE-4D12-9894-DE4E5EF115C4}.Syncytium-UAT|Any CPU.ActiveCfg = Syncytium-UAT|Any CPU
		{6AD71CE1-35CE-4D12-9894-DE4E5EF115C4}.Syncytium-UAT|Any CPU.Build.0 = Syncytium-UAT|Any CPU
		{4CEEE696-E923-4C0F-90C1-1E27FCD9B450}.Debug|Any CPU.ActiveCfg = Debug|Any CPU
		{4CEEE696-E923-4C0F-90C1-1E27FCD9B450}.Debug|Any CPU.Build.0 = Debug|Any CPU
		{4CEEE696-E923-4C0F-90C1-1E27FCD9B450}.Local-Dev|Any CPU.ActiveCfg = Local-Dev|Any CPU
		{4CEEE696-E923-4C0F-90C1-1E27FCD9B450}.Local-Dev|Any CPU.Build.0 = Local-Dev|Any CPU
		{4CEEE696-E923-4C0F-90C1-1E27FCD9B450}.Local-Formation|Any CPU.ActiveCfg = Local-Formation|Any CPU
		{4CEEE696-E923-4C0F-90C1-1E27FCD9B450}.Local-Formation|Any CPU.Build.0 = Local-Formation|Any CPU
		{4CEEE696-E923-4C0F-90C1-1E27FCD9B450}.Local-Prod|Any CPU.ActiveCfg = Local-Prod|Any CPU
		{4CEEE696-E923-4C0F-90C1-1E27FCD9B450}.Local-Prod|Any CPU.Build.0 = Local-Prod|Any CPU
		{4CEEE696-E923-4C0F-90C1-1E27FCD9B450}.Local-UAT|Any CPU.ActiveCfg = Local-UAT|Any CPU
		{4CEEE696-E923-4C0F-90C1-1E27FCD9B450}.Local-UAT|Any CPU.Build.0 = Local-UAT|Any CPU
		{4CEEE696-E923-4C0F-90C1-1E27FCD9B450}.Release|Any CPU.ActiveCfg = Release|Any CPU
		{4CEEE696-E923-4C0F-90C1-1E27FCD9B450}.Release|Any CPU.Build.0 = Release|Any CPU
		{4CEEE696-E923-4C0F-90C1-1E27FCD9B450}.Syncytium-Dev|Any CPU.ActiveCfg = Syncytium-Dev|Any CPU
		{4CEEE696-E923-4C0F-90C1-1E27FCD9B450}.Syncytium-Dev|Any CPU.Build.0 = Syncytium-Dev|Any CPU
		{4CEEE696-E923-4C0F-90C1-1E27FCD9B450}.Syncytium-Formation|Any CPU.ActiveCfg = Syncytium-Formation|Any CPU
		{4CEEE696-E923-4C0F-90C1-1E27FCD9B450}.Syncytium-Formation|Any CPU.Build.0 = Syncytium-Formation|Any CPU
		{4CEEE696-E923-4C0F-90C1-1E27FCD9B450}.Syncytium-Prod|Any CPU.ActiveCfg = Syncytium-Prod|Any CPU
		{4CEEE696-E923-4C0F-90C1-1E27FCD9B450}.Syncytium-Prod|Any CPU.Build.0 = Syncytium-Prod|Any CPU
		{4CEEE696-E923-4C0F-90C1-1E27FCD9B450}.Syncytium-UAT|Any CPU.ActiveCfg = Syncytium-UAT|Any CPU
		{4CEEE696-E923-4C0F-90C1-1E27FCD9B450}.Syncytium-UAT|Any CPU.Build.0 = Syncytium-UAT|Any CPU
		{D7346D94-EB49-458D-9691-5F67CA29CFE0}.Debug|Any CPU.ActiveCfg = Debug|Any CPU
		{D7346D94-EB49-458D-9691-5F67CA29CFE0}.Debug|Any CPU.Build.0 = Debug|Any CPU
		{D7346D94-EB49-458D-9691-5F67CA29CFE0}.Local-Dev|Any CPU.ActiveCfg = Local-Dev|Any CPU
		{D7346D94-EB49-458D-9691-5F67CA29CFE0}.Local-Dev|Any CPU.Build.0 = Local-Dev|Any CPU
		{D7346D94-EB49-458D-9691-5F67CA29CFE0}.Local-Formation|Any CPU.ActiveCfg = Local-Formation|Any CPU
		{D7346D94-EB49-458D-9691-5F67CA29CFE0}.Local-Formation|Any CPU.Build.0 = Local-Formation|Any CPU
		{D7346D94-EB49-458D-9691-5F67CA29CFE0}.Local-Prod|Any CPU.ActiveCfg = Local-Prod|Any CPU
		{D7346D94-EB49-458D-9691-5F67CA29CFE0}.Local-Prod|Any CPU.Build.0 = Local-Prod|Any CPU
		{D7346D94-EB49-458D-9691-5F67CA29CFE0}.Local-UAT|Any CPU.ActiveCfg = Local-UAT|Any CPU
		{D7346D94-EB49-458D-9691-5F67CA29CFE0}.Local-UAT|Any CPU.Build.0 = Local-UAT|Any CPU
		{D7346D94-EB49-458D-9691-5F67CA29CFE0}.Release|Any CPU.ActiveCfg = Release|Any CPU
		{D7346D94-EB49-458D-9691-5F67CA29CFE0}.Release|Any CPU.Build.0 = Release|Any CPU
		{D7346D94-EB49-458D-9691-5F67CA29CFE0}.Syncytium-Dev|Any CPU.ActiveCfg = Syncytium-Dev|Any CPU
		{D7346D94-EB49-458D-9691-5F67CA29CFE0}.Syncytium-Dev|Any CPU.Build.0 = Syncytium-Dev|Any CPU
		{D7346D94-EB49-458D-9691-5F67CA29CFE0}.Syncytium-Formation|Any CPU.ActiveCfg = Syncytium-Formation|Any CPU
		{D7346D94-EB49-458D-9691-5F67CA29CFE0}.Syncytium-Formation|Any CPU.Build.0 = Syncytium-Formation|Any CPU
		{D7346D94-EB49-458D-9691-5F67CA29CFE0}.Syncytium-Prod|Any CPU.ActiveCfg = Syncytium-Prod|Any CPU
		{D7346D94-EB49-458D-9691-5F67CA29CFE0}.Syncytium-Prod|Any CPU.Build.0 = Syncytium-Prod|Any CPU
		{D7346D94-EB49-458D-9691-5F67CA29CFE0}.Syncytium-UAT|Any CPU.ActiveCfg = Syncytium-UAT|Any CPU
		{D7346D94-EB49-458D-9691-5F67CA29CFE0}.Syncytium-UAT|Any CPU.Build.0 = Syncytium-UAT|Any CPU
		{E80D8315-E0EE-44A8-9FB7-1FAF151D74AB}.Debug|Any CPU.ActiveCfg = Debug|Any CPU
		{E80D8315-E0EE-44A8-9FB7-1FAF151D74AB}.Debug|Any CPU.Build.0 = Debug|Any CPU
		{E80D8315-E0EE-44A8-9FB7-1FAF151D74AB}.Local-Dev|Any CPU.ActiveCfg = Debug|Any CPU
		{E80D8315-E0EE-44A8-9FB7-1FAF151D74AB}.Local-Dev|Any CPU.Build.0 = Debug|Any CPU
		{E80D8315-E0EE-44A8-9FB7-1FAF151D74AB}.Local-Formation|Any CPU.ActiveCfg = Debug|Any CPU
		{E80D8315-E0EE-44A8-9FB7-1FAF151D74AB}.Local-Formation|Any CPU.Build.0 = Debug|Any CPU
		{E80D8315-E0EE-44A8-9FB7-1FAF151D74AB}.Local-Prod|Any CPU.ActiveCfg = Debug|Any CPU
		{E80D8315-E0EE-44A8-9FB7-1FAF151D74AB}.Local-Prod|Any CPU.Build.0 = Debug|Any CPU
		{E80D8315-E0EE-44A8-9FB7-1FAF151D74AB}.Local-UAT|Any CPU.ActiveCfg = Debug|Any CPU
		{E80D8315-E0EE-44A8-9FB7-1FAF151D74AB}.Local-UAT|Any CPU.Build.0 = Debug|Any CPU
		{E80D8315-E0EE-44A8-9FB7-1FAF151D74AB}.Release|Any CPU.ActiveCfg = Release|Any CPU
		{E80D8315-E0EE-44A8-9FB7-1FAF151D74AB}.Release|Any CPU.Build.0 = Release|Any CPU
		{E80D8315-E0EE-44A8-9FB7-1FAF151D74AB}.Syncytium-Dev|Any CPU.ActiveCfg = Syncytium-Dev|Any CPU
		{E80D8315-E0EE-44A8-9FB7-1FAF151D74AB}.Syncytium-Dev|Any CPU.Build.0 = Syncytium-Dev|Any CPU
		{E80D8315-E0EE-44A8-9FB7-1FAF151D74AB}.Syncytium-Formation|Any CPU.ActiveCfg = Syncytium-Dev|Any CPU
		{E80D8315-E0EE-44A8-9FB7-1FAF151D74AB}.Syncytium-Formation|Any CPU.Build.0 = Syncytium-Dev|Any CPU
		{E80D8315-E0EE-44A8-9FB7-1FAF151D74AB}.Syncytium-Prod|Any CPU.ActiveCfg = Syncytium-Prod|Any CPU
		{E80D8315-E0EE-44A8-9FB7-1FAF151D74AB}.Syncytium-Prod|Any CPU.Build.0 = Syncytium-Prod|Any CPU
		{E80D8315-E0EE-44A8-9FB7-1FAF151D74AB}.Syncytium-UAT|Any CPU.ActiveCfg = Syncytium-UAT|Any CPU
		{E80D8315-E0EE-44A8-9FB7-1FAF151D74AB}.Syncytium-UAT|Any CPU.Build.0 = Syncytium-UAT|Any CPU
		{636FDE93-28BF-4DA9-9178-187367CA7D30}.Debug|Any CPU.ActiveCfg = Debug|Any CPU
		{636FDE93-28BF-4DA9-9178-187367CA7D30}.Debug|Any CPU.Build.0 = Debug|Any CPU
		{636FDE93-28BF-4DA9-9178-187367CA7D30}.Local-Dev|Any CPU.ActiveCfg = Debug|Any CPU
		{636FDE93-28BF-4DA9-9178-187367CA7D30}.Local-Dev|Any CPU.Build.0 = Debug|Any CPU
		{636FDE93-28BF-4DA9-9178-187367CA7D30}.Local-Formation|Any CPU.ActiveCfg = Debug|Any CPU
		{636FDE93-28BF-4DA9-9178-187367CA7D30}.Local-Formation|Any CPU.Build.0 = Debug|Any CPU
		{636FDE93-28BF-4DA9-9178-187367CA7D30}.Local-Prod|Any CPU.ActiveCfg = Debug|Any CPU
		{636FDE93-28BF-4DA9-9178-187367CA7D30}.Local-Prod|Any CPU.Build.0 = Debug|Any CPU
		{636FDE93-28BF-4DA9-9178-187367CA7D30}.Local-UAT|Any CPU.ActiveCfg = Debug|Any CPU
		{636FDE93-28BF-4DA9-9178-187367CA7D30}.Local-UAT|Any CPU.Build.0 = Debug|Any CPU
		{636FDE93-28BF-4DA9-9178-187367CA7D30}.Release|Any CPU.ActiveCfg = Release|Any CPU
		{636FDE93-28BF-4DA9-9178-187367CA7D30}.Release|Any CPU.Build.0 = Release|Any CPU
		{636FDE93-28BF-4DA9-9178-187367CA7D30}.Syncytium-Dev|Any CPU.ActiveCfg = Syncytium-Dev|Any CPU
		{636FDE93-28BF-4DA9-9178-187367CA7D30}.Syncytium-Dev|Any CPU.Build.0 = Syncytium-Dev|Any CPU
		{636FDE93-28BF-4DA9-9178-187367CA7D30}.Syncytium-Formation|Any CPU.ActiveCfg = Syncytium-Dev|Any CPU
		{636FDE93-28BF-4DA9-9178-187367CA7D30}.Syncytium-Formation|Any CPU.Build.0 = Syncytium-Dev|Any CPU
		{636FDE93-28BF-4DA9-9178-187367CA7D30}.Syncytium-Prod|Any CPU.ActiveCfg = Syncytium-Prod|Any CPU
		{636FDE93-28BF-4DA9-9178-187367CA7D30}.Syncytium-Prod|Any CPU.Build.0 = Syncytium-Prod|Any CPU
		{636FDE93-28BF-4DA9-9178-187367CA7D30}.Syncytium-UAT|Any CPU.ActiveCfg = Syncytium-UAT|Any CPU
		{636FDE93-28BF-4DA9-9178-187367CA7D30}.Syncytium-UAT|Any CPU.Build.0 = Syncytium-UAT|Any CPU
	EndGlobalSection
	GlobalSection(SolutionProperties) = preSolution
		HideSolutionNode = FALSE
	EndGlobalSection
	GlobalSection(ExtensibilityGlobals) = postSolution
		SolutionGuid = {6736A80B-0CD9-459F-B798-5051D7952A93}
	EndGlobalSection
EndGlobal
